
Microsoft Visual Studio Solution File, Format Version 12.00
Project("{FAE04EC0-301F-11D3-BF4B-00C04F79EFBC}") = "MarryMeMarket", "MarryMeMarket.csproj", "{B98F5550-BCDC-483C-9382-6EECB038CEBB}"
EndProject
Global
	GlobalSection(SolutionConfigurationPlatforms) = preSolution
		Debug|Any CPU = Debug|Any CPU
		Release|Any CPU = Release|Any CPU
	EndGlobalSection
	GlobalSection(ProjectConfigurationPlatforms) = postSolution
		{B98F5550-BCDC-483C-9382-6EECB038CEBB}.Debug|Any CPU.ActiveCfg = Debug|Any CPU
		{B98F5550-BCDC-483C-9382-6EECB038CEBB}.Debug|Any CPU.Build.0 = Debug|Any CPU
		{B98F5550-BCDC-483C-9382-6EECB038CEBB}.Release|Any CPU.ActiveCfg = Release|Any CPU
		{B98F5550-BCDC-483C-9382-6EECB038CEBB}.Release|Any CPU.Build.0 = Release|Any CPU
	EndGlobalSection
EndGlobal
